<Solution>
  <Folder Name="/src/" />
  <Folder Name="/test/">
    <Project Path="test/Poc.SDD.Api.IntegrationTests/Poc.SDD.Api.IntegrationTests.csproj" />
    <Project Path="test/Poc.SDD.Application.UnitTests/Poc.SDD.Application.UnitTests.csproj" />
    <Project Path="test/Poc.SDD.Application.IntegrationTests/Poc.SDD.Application.IntegrationTests.csproj" />
    <Project Path="test/Poc.SDD.Domain.UnitTests/Poc.SDD.Domain.UnitTests.csproj" />
    <Project Path="test/Poc.SDD.Domain.IntegrationTests/Poc.SDD.Domain.IntegrationTests.csproj" />
  </Folder>
  <Project Path="src/Poc.SDD.Api/Poc.SDD.Api.csproj" />
  <Project Path="src/Poc.SDD.Application/Poc.SDD.Application.csproj" />
  <Project Path="src/Poc.SDD.Domain/Poc.SDD.Domain.csproj" />
  <Project Path="src/Poc.SDD.Infrastructure/Poc.SDD.Infrastructure.csproj" />
</Solution>